// !$*UTF8*$!
{
	archiveVersion = 1;
	classes = {
	};
	objectVersion = 46;
	objects = {

/* Begin PBXBuildFile section */
		1835E38B1B71C0AF00ACBC9D /* main.m in Sources */ = {isa = PBXBuildFile; fileRef = 1835E38A1B71C0AF00ACBC9D /* main.m */; };
		1835E38E1B71C0AF00ACBC9D /* AppDelegate.m in Sources */ = {isa = PBXBuildFile; fileRef = 1835E38D1B71C0AF00ACBC9D /* AppDelegate.m */; };
		1835E3911B71C0AF00ACBC9D /* ViewController.m in Sources */ = {isa = PBXBuildFile; fileRef = 1835E3901B71C0AF00ACBC9D /* ViewController.m */; };
		1835E3961B71C0B000ACBC9D /* Images.xcassets in Resources */ = {isa = PBXBuildFile; fileRef = 1835E3951B71C0B000ACBC9D /* Images.xcassets */; };
		1835E3A51B71C0B000ACBC9D /* UISliderTests.m in Sources */ = {isa = PBXBuildFile; fileRef = 1835E3A41B71C0B000ACBC9D /* UISliderTests.m */; };
		1835E3B01B71C59400ACBC9D /* 1.png in Resources */ = {isa = PBXBuildFile; fileRef = 1835E3AE1B71C59400ACBC9D /* 1.png */; };
		1835E3B11B71C59400ACBC9D /* 2.png in Resources */ = {isa = PBXBuildFile; fileRef = 1835E3AF1B71C59400ACBC9D /* 2.png */; };
		1835E3B31B71C7AD00ACBC9D /* 3.jpg in Resources */ = {isa = PBXBuildFile; fileRef = 1835E3B21B71C7AD00ACBC9D /* 3.jpg */; };
/* End PBXBuildFile section */

/* Begin PBXContainerItemProxy section */
		1835E39F1B71C0B000ACBC9D /* PBXContainerItemProxy */ = {
			isa = PBXContainerItemProxy;
			containerPortal = 1835E37D1B71C0AF00ACBC9D /* Project object */;
			proxyType = 1;
			remoteGlobalIDString = 1835E3841B71C0AF00ACBC9D;
			remoteInfo = UISlider;
		};
/* End PBXContainerItemProxy section */

/* Begin PBXFileReference section */
		1835E3851B71C0AF00ACBC9D /* UISlider.app */ = {isa = PBXFileReference; explicitFileType = wrapper.application; includeInIndex = 0; path = UISlider.app; sourceTree = BUILT_PRODUCTS_DIR; };
		1835E3891B71C0AF00ACBC9D /* Info.plist */ = {isa = PBXFileReference; lastKnownFileType = text.plist.xml; path = Info.plist; sourceTree = "<group>"; };
		1835E38A1B71C0AF00ACBC9D /* main.m */ = {isa = PBXFileReference; lastKnownFileType = sourcecode.c.objc; path = main.m; sourceTree = "<group>"; };
		1835E38C1B71C0AF00ACBC9D /* AppDelegate.h */ = {isa = PBXFileReference; lastKnownFileType = sourcecode.c.h; path = AppDelegate.h; sourceTree = "<group>"; };
		1835E38D1B71C0AF00ACBC9D /* AppDelegate.m */ = {isa = PBXFileReference; lastKnownFileType = sourcecode.c.objc; path = AppDelegate.m; sourceTree = "<group>"; };
		1835E38F1B71C0AF00ACBC9D /* ViewController.h */ = {isa = PBXFileReference; lastKnownFileType = sourcecode.c.h; path = ViewController.h; sourceTree = "<group>"; };
		1835E3901B71C0AF00ACBC9D /* ViewController.m */ = {isa = PBXFileReference; lastKnownFileType = sourcecode.c.objc; path = ViewController.m; sourceTree = "<group>"; };
		1835E3951B71C0B000ACBC9D /* Images.xcassets */ = {isa = PBXFileReference; lastKnownFileType = folder.assetcatalog; path = Images.xcassets; sourceTree = "<group>"; };
		1835E39E1B71C0B000ACBC9D /* UISliderTests.xctest */ = {isa = PBXFileReference; explicitFileType = wrapper.cfbundle; includeInIndex = 0; path = UISliderTests.xctest; sourceTree = BUILT_PRODUCTS_DIR; };
		1835E3A31B71C0B000ACBC9D /* Info.plist */ = {isa = PBXFileReference; lastKnownFileType = text.plist.xml; path = Info.plist; sourceTree = "<group>"; };
		1835E3A41B71C0B000ACBC9D /* UISliderTests.m */ = {isa = PBXFileReference; lastKnownFileType = sourcecode.c.objc; path = UISliderTests.m; sourceTree = "<group>"; };
		1835E3AE1B71C59400ACBC9D /* 1.png */ = {isa = PBXFileReference; lastKnownFileType = image.png; path = 1.png; sourceTree = "<group>"; };
		1835E3AF1B71C59400ACBC9D /* 2.png */ = {isa = PBXFileReference; lastKnownFileType = image.png; path = 2.png; sourceTree = "<group>"; };
		1835E3B21B71C7AD00ACBC9D /* 3.jpg */ = {isa = PBXFileReference; lastKnownFileType = image.jpeg; path = 3.jpg; sourceTree = "<group>"; };
/* End PBXFileReference section */

/* Begin PBXFrameworksBuildPhase section */
		1835E3821B71C0AF00ACBC9D /* Frameworks */ = {
			isa = PBXFrameworksBuildPhase;
			buildActionMask = 2147483647;
			files = (
			);
			runOnlyForDeploymentPostprocessing = 0;
		};
		1835E39B1B71C0B000ACBC9D /* Frameworks */ = {
			isa = PBXFrameworksBuildPhase;
			buildActionMask = 2147483647;
			files = (
			);
			runOnlyForDeploymentPostprocessing = 0;
		};
/* End PBXFrameworksBuildPhase section */

/* Begin PBXGroup section */
		1835E37C1B71C0AF00ACBC9D = {
			isa = PBXGroup;
			children = (
				1835E3871B71C0AF00ACBC9D /* UISlider */,
				1835E3A11B71C0B000ACBC9D /* UISliderTests */,
				1835E3861B71C0AF00ACBC9D /* Products */,
			);
			sourceTree = "<group>";
		};
		1835E3861B71C0AF00ACBC9D /* Products */ = {
			isa = PBXGroup;
			children = (
				1835E3851B71C0AF00ACBC9D /* UISlider.app */,
				1835E39E1B71C0B000ACBC9D /* UISliderTests.xctest */,
			);
			name = Products;
			sourceTree = "<group>";
		};
		1835E3871B71C0AF00ACBC9D /* UISlider */ = {
			isa = PBXGroup;
			children = (
				1835E3B21B71C7AD00ACBC9D /* 3.jpg */,
				1835E3AE1B71C59400ACBC9D /* 1.png */,
				1835E3AF1B71C59400ACBC9D /* 2.png */,
				1835E38C1B71C0AF00ACBC9D /* AppDelegate.h */,
				1835E38D1B71C0AF00ACBC9D /* AppDelegate.m */,
				1835E38F1B71C0AF00ACBC9D /* ViewController.h */,
				1835E3901B71C0AF00ACBC9D /* ViewController.m */,
				1835E3951B71C0B000ACBC9D /* Images.xcassets */,
				1835E3881B71C0AF00ACBC9D /* Supporting Files */,
			);
			path = UISlider;
			sourceTree = "<group>";
		};
		1835E3881B71C0AF00ACBC9D /* Supporting Files */ = {
			isa = PBXGroup;
			children = (
				1835E3891B71C0AF00ACBC9D /* Info.plist */,
				1835E38A1B71C0AF00ACBC9D /* main.m */,
			);
			name = "Supporting Files";
			sourceTree = "<group>";
		};
		1835E3A11B71C0B000ACBC9D /* UISliderTests */ = {
			isa = PBXGroup;
			children = (
				1835E3A41B71C0B000ACBC9D /* UISliderTests.m */,
				1835E3A21B71C0B000ACBC9D /* Supporting Files */,
			);
			path = UISliderTests;
			sourceTree = "<group>";
		};
		1835E3A21B71C0B000ACBC9D /* Supporting Files */ = {
			isa = PBXGroup;
			children = (
				1835E3A31B71C0B000ACBC9D /* Info.plist */,
			);
			name = "Supporting Files";
			sourceTree = "<group>";
		};
/* End PBXGroup section */

/* Begin PBXNativeTarget section */
		1835E3841B71C0AF00ACBC9D /* UISlider */ = {
			isa = PBXNativeTarget;
			buildConfigurationList = 1835E3A81B71C0B000ACBC9D /* Build configuration list for PBXNativeTarget "UISlider" */;
			buildPhases = (
				1835E3811B71C0AF00ACBC9D /* Sources */,
				1835E3821B71C0AF00ACBC9D /* Frameworks */,
				1835E3831B71C0AF00ACBC9D /* Resources */,
			);
			buildRules = (
			);
			dependencies = (
			);
			name = UISlider;
			productName = UISlider;
			productReference = 1835E3851B71C0AF00ACBC9D /* UISlider.app */;
			productType = "com.apple.product-type.application";
		};
		1835E39D1B71C0B000ACBC9D /* UISliderTests */ = {
			isa = PBXNativeTarget;
			buildConfigurationList = 1835E3AB1B71C0B000ACBC9D /* Build configuration list for PBXNativeTarget "UISliderTests" */;
			buildPhases = (
				1835E39A1B71C0B000ACBC9D /* Sources */,
				1835E39B1B71C0B000ACBC9D /* Frameworks */,
				1835E39C1B71C0B000ACBC9D /* Resources */,
			);
			buildRules = (
			);
			dependencies = (
				1835E3A01B71C0B000ACBC9D /* PBXTargetDependency */,
			);
			name = UISliderTests;
			productName = UISliderTests;
			productReference = 1835E39E1B71C0B000ACBC9D /* UISliderTests.xctest */;
			productType = "com.apple.product-type.bundle.unit-test";
		};
/* End PBXNativeTarget section */

/* Begin PBXProject section */
		1835E37D1B71C0AF00ACBC9D /* Project object */ = {
			isa = PBXProject;
			attributes = {
				LastUpgradeCheck = 0640;
				ORGANIZATIONNAME = Chinamyo;
				TargetAttributes = {
					1835E3841B71C0AF00ACBC9D = {
						CreatedOnToolsVersion = 6.4;
					};
					1835E39D1B71C0B000ACBC9D = {
						CreatedOnToolsVersion = 6.4;
						TestTargetID = 1835E3841B71C0AF00ACBC9D;
					};
				};
			};
			buildConfigurationList = 1835E3801B71C0AF00ACBC9D /* Build configuration list for PBXProject "UISlider" */;
			compatibilityVersion = "Xcode 3.2";
			developmentRegion = English;
			hasScannedForEncodings = 0;
			knownRegions = (
				en,
				Base,
			);
			mainGroup = 1835E37C1B71C0AF00ACBC9D;
			productRefGroup = 1835E3861B71C0AF00ACBC9D /* Products */;
			projectDirPath = "";
			projectRoot = "";
			targets = (
				1835E3841B71C0AF00ACBC9D /* UISlider */,
				1835E39D1B71C0B000ACBC9D /* UISliderTests */,
			);
		};
/* End PBXProject section */

/* Begin PBXResourcesBuildPhase section */
		1835E3831B71C0AF00ACBC9D /* Resources */ = {
			isa = PBXResourcesBuildPhase;
			buildActionMask = 2147483647;
			files = (
				1835E3B31B71C7AD00ACBC9D /* 3.jpg in Resources */,
				1835E3B11B71C59400ACBC9D /* 2.png in Resources */,
				1835E3961B71C0B000ACBC9D /* Images.xcassets in Resources */,
				1835E3B01B71C59400ACBC9D /* 1.png in Resources */,
			);
			runOnlyForDeploymentPostprocessing = 0;
		};
		1835E39C1B71C0B000ACBC9D /* Resources */ = {
			isa = PBXResourcesBuildPhase;
			buildActionMask = 2147483647;
			files = (
			);
			runOnlyForDeploymentPostprocessing = 0;
		};
/* End PBXResourcesBuildPhase section */

/* Begin PBXSourcesBuildPhase section */
		1835E3811B71C0AF00ACBC9D /* Sources */ = {
			isa = PBXSourcesBuildPhase;
			buildActionMask = 2147483647;
			files = (
				1835E3911B71C0AF00ACBC9D /* ViewController.m in Sources */,
				1835E38E1B71C0AF00ACBC9D /* AppDelegate.m in Sources */,
				1835E38B1B71C0AF00ACBC9D /* main.m in Sources */,
			);
			runOnlyForDeploymentPostprocessing = 0;
		};
		1835E39A1B71C0B000ACBC9D /* Sources */ = {
			isa = PBXSourcesBuildPhase;
			buildActionMask = 2147483647;
			files = (
				1835E3A51B71C0B000ACBC9D /* UISliderTests.m in Sources */,
			);
			runOnlyForDeploymentPostprocessing = 0;
		};
/* End PBXSourcesBuildPhase section */

/* Begin PBXTargetDependency section */
		1835E3A01B71C0B000ACBC9D /* PBXTargetDependency */ = {
			isa = PBXTargetDependency;
			target = 1835E3841B71C0AF00ACBC9D /* UISlider */;
			targetProxy = 1835E39F1B71C0B000ACBC9D /* PBXContainerItemProxy */;
		};
/* End PBXTargetDependency section */

/* Begin XCBuildConfiguration section */
		1835E3A61B71C0B000ACBC9D /* Debug */ = {
			isa = XCBuildConfiguration;
			buildSettings = {
				ALWAYS_SEARCH_USER_PATHS = NO;
				CLANG_CXX_LANGUAGE_STANDARD = "gnu++0x";
				CLANG_CXX_LIBRARY = "libc++";
				CLANG_ENABLE_MODULES = YES;
				CLANG_ENABLE_OBJC_ARC = YES;
				CLANG_WARN_BOOL_CONVERSION = YES;
				CLANG_WARN_CONSTANT_CONVERSION = YES;
				CLANG_WARN_DIRECT_OBJC_ISA_USAGE = YES_ERROR;
				CLANG_WARN_EMPTY_BODY = YES;
				CLANG_WARN_ENUM_CONVERSION = YES;
				CLANG_WARN_INT_CONVERSION = YES;
				CLANG_WARN_OBJC_ROOT_CLASS = YES_ERROR;
				CLANG_WARN_UNREACHABLE_CODE = YES;
				CLANG_WARN__DUPLICATE_METHOD_MATCH = YES;
				"CODE_SIGN_IDENTITY[sdk=iphoneos*]" = "iPhone Developer";
				COPY_PHASE_STRIP = NO;
				DEBUG_INFORMATION_FORMAT = "dwarf-with-dsym";
				ENABLE_STRICT_OBJC_MSGSEND = YES;
				GCC_C_LANGUAGE_STANDARD = gnu99;
				GCC_DYNAMIC_NO_PIC = NO;
				GCC_NO_COMMON_BLOCKS = YES;
				GCC_OPTIMIZATION_LEVEL = 0;
				GCC_PREPROCESSOR_DEFINITIONS = (
					"DEBUG=1",
					"$(inherited)",
				);
				GCC_SYMBOLS_PRIVATE_EXTERN = NO;
				GCC_WARN_64_TO_32_BIT_CONVERSION = YES;
				GCC_WARN_ABOUT_RETURN_TYPE = YES_ERROR;
				GCC_WARN_UNDECLARED_SELECTOR = YES;
				GCC_WARN_UNINITIALIZED_AUTOS = YES_AGGRESSIVE;
				GCC_WARN_UNUSED_FUNCTION = YES;
				GCC_WARN_UNUSED_VARIABLE = YES;
				IPHONEOS_DEPLOYMENT_TARGET = 8.4;
				MTL_ENABLE_DEBUG_INFO = YES;
				ONLY_ACTIVE_ARCH = YES;
				SDKROOT = iphoneos;
			};
			name = Debug;
		};
		1835E3A71B71C0B000ACBC9D /* Release */ = {
			isa = XCBuildConfiguration;
			buildSettings = {
				ALWAYS_SEARCH_USER_PATHS = NO;
				CLANG_CXX_LANGUAGE_STANDARD = "gnu++0x";
				CLANG_CXX_LIBRARY = "libc++";
				CLANG_ENABLE_MODULES = YES;
				CLANG_ENABLE_OBJC_ARC = YES;
				CLANG_WARN_BOOL_CONVERSION = YES;
				CLANG_WARN_CONSTANT_CONVERSION = YES;
				CLANG_WARN_DIRECT_OBJC_ISA_USAGE = YES_ERROR;
				CLANG_WARN_EMPTY_BODY = YES;
				CLANG_WARN_ENUM_CONVERSION = YES;
				CLANG_WARN_INT_CONVERSION = YES;
				CLANG_WARN_OBJC_ROOT_CLASS = YES_ERROR;
				CLANG_WARN_UNREACHABLE_CODE = YES;
				CLANG_WARN__DUPLICATE_METHOD_MATCH = YES;
				"CODE_SIGN_IDENTITY[sdk=iphoneos*]" = "iPhone Developer";
				COPY_PHASE_STRIP = NO;
				DEBUG_INFORMATION_FORMAT = "dwarf-with-dsym";
				ENABLE_NS_ASSERTIONS = NO;
				ENABLE_STRICT_OBJC_MSGSEND = YES;
				GCC_C_LANGUAGE_STANDARD = gnu99;
				GCC_NO_COMMON_BLOCKS = YES;
				GCC_WARN_64_TO_32_BIT_CONVERSION = YES;
				GCC_WARN_ABOUT_RETURN_TYPE = YES_ERROR;
				GCC_WARN_UNDECLARED_SELECTOR = YES;
				GCC_WARN_UNINITIALIZED_AUTOS = YES_AGGRESSIVE;
				GCC_WARN_UNUSED_FUNCTION = YES;
				GCC_WARN_UNUSED_VARIABLE = YES;
				IPHONEOS_DEPLOYMENT_TARGET = 8.4;
				MTL_ENABLE_DEBUG_INFO = NO;
				SDKROOT = iphoneos;
				VALIDATE_PRODUCT = YES;
			};
			name = Release;
		};
		1835E3A91B71C0B000ACBC9D /* Debug */ = {
			isa = XCBuildConfiguration;
			buildSettings = {
				ASSETCATALOG_COMPILER_APPICON_NAME = AppIcon;
				ASSETCATALOG_COMPILER_LAUNCHIMAGE_NAME = LaunchImage;
				INFOPLIST_FILE = UISlider/Info.plist;
				LD_RUNPATH_SEARCH_PATHS = "$(inherited) @executable_path/Frameworks";
				PRODUCT_NAME = "$(TARGET_NAME)";
			};
			name = Debug;
		};
		1835E3AA1B71C0B000ACBC9D /* Release */ = {
			isa = XCBuildConfiguration;
			buildSettings = {
				ASSETCATALOG_COMPILER_APPICON_NAME = AppIcon;
				ASSETCATALOG_COMPILER_LAUNCHIMAGE_NAME = LaunchImage;
				INFOPLIST_FILE = UISlider/Info.plist;
				LD_RUNPATH_SEARCH_PATHS = "$(inherited) @executable_path/Frameworks";
				PRODUCT_NAME = "$(TARGET_NAME)";
			};
			name = Release;
		};
		1835E3AC1B71C0B000ACBC9D /* Debug */ = {
			isa = XCBuildConfiguration;
			buildSettings = {
				BUNDLE_LOADER = "$(TEST_HOST)";
				FRAMEWORK_SEARCH_PATHS = (
					"$(SDKROOT)/Developer/Library/Frameworks",
					"$(inherited)",
				);
				GCC_PREPROCESSOR_DEFINITIONS = (
					"DEBUG=1",
					"$(inherited)",
				);
				INFOPLIST_FILE = UISliderTests/Info.plist;
				LD_RUNPATH_SEARCH_PATHS = "$(inherited) @executable_path/Frameworks @loader_path/Frameworks";
				PRODUCT_NAME = "$(TARGET_NAME)";
				TEST_HOST = "$(BUILT_PRODUCTS_DIR)/UISlider.app/UISlider";
			};
			name = Debug;
		};
		1835E3AD1B71C0B000ACBC9D /* Release */ = {
			isa = XCBuildConfiguration;
			buildSettings = {
				BUNDLE_LOADER = "$(TEST_HOST)";
				FRAMEWORK_SEARCH_PATHS = (
					"$(SDKROOT)/Developer/Library/Frameworks",
					"$(inherited)",
				);
				INFOPLIST_FILE = UISliderTests/Info.plist;
				LD_RUNPATH_SEARCH_PATHS = "$(inherited) @executable_path/Frameworks @loader_path/Frameworks";
				PRODUCT_NAME = "$(TARGET_NAME)";
				TEST_HOST = "$(BUILT_PRODUCTS_DIR)/UISlider.app/UISlider";
			};
			name = Release;
		};
/* End XCBuildConfiguration section */

/* Begin XCConfigurationList section */
		1835E3801B71C0AF00ACBC9D /* Build configuration list for PBXProject "UISlider" */ = {
			isa = XCConfigurationList;
			buildConfigurations = (
				1835E3A61B71C0B000ACBC9D /* Debug */,
				1835E3A71B71C0B000ACBC9D /* Release */,
			);
			defaultConfigurationIsVisible = 0;
			defaultConfigurationName = Release;
		};
		1835E3A81B71C0B000ACBC9D /* Build configuration list for PBXNativeTarget "UISlider" */ = {
			isa = XCConfigurationList;
			buildConfigurations = (
				1835E3A91B71C0B000ACBC9D /* Debug */,
				1835E3AA1B71C0B000ACBC9D /* Release */,
			);
			defaultConfigurationIsVisible = 0;
		};
		1835E3AB1B71C0B000ACBC9D /* Build configuration list for PBXNativeTarget "UISliderTests" */ = {
			isa = XCConfigurationList;
			buildConfigurations = (
				1835E3AC1B71C0B000ACBC9D /* Debug */,
				1835E3AD1B71C0B000ACBC9D /* Release */,
			);
			defaultConfigurationIsVisible = 0;
		};
/* End XCConfigurationList section */
	};
	rootObject = 1835E37D1B71C0AF00ACBC9D /* Project object */;
}
