// !$*UTF8*$!
{
	archiveVersion = 1;
	classes = {
	};
	objectVersion = 46;
	objects = {

/* Begin PBXBuildFile section */
		18015F071B6227460095C96C /* Worker.m in Sources */ = {isa = PBXBuildFile; fileRef = 18015F061B6227460095C96C /* Worker.m */; };
		18BE2B851B5F993E006A8FEF /* main.m in Sources */ = {isa = PBXBuildFile; fileRef = 18BE2B841B5F993E006A8FEF /* main.m */; };
/* End PBXBuildFile section */

/* Begin PBXCopyFilesBuildPhase section */
		18BE2B7F1B5F993E006A8FEF /* CopyFiles */ = {
			isa = PBXCopyFilesBuildPhase;
			buildActionMask = 2147483647;
			dstPath = /usr/share/man/man1/;
			dstSubfolderSpec = 0;
			files = (
			);
			runOnlyForDeploymentPostprocessing = 1;
		};
/* End PBXCopyFilesBuildPhase section */

/* Begin PBXFileReference section */
		18015F051B6227460095C96C /* Worker.h */ = {isa = PBXFileReference; fileEncoding = 4; lastKnownFileType = sourcecode.c.h; path = Worker.h; sourceTree = "<group>"; };
		18015F061B6227460095C96C /* Worker.m */ = {isa = PBXFileReference; fileEncoding = 4; lastKnownFileType = sourcecode.c.objc; path = Worker.m; sourceTree = "<group>"; };
		18BE2B811B5F993E006A8FEF /* NSArryDemo */ = {isa = PBXFileReference; explicitFileType = "compiled.mach-o.executable"; includeInIndex = 0; path = NSArryDemo; sourceTree = BUILT_PRODUCTS_DIR; };
		18BE2B841B5F993E006A8FEF /* main.m */ = {isa = PBXFileReference; lastKnownFileType = sourcecode.c.objc; path = main.m; sourceTree = "<group>"; };
/* End PBXFileReference section */

/* Begin PBXFrameworksBuildPhase section */
		18BE2B7E1B5F993E006A8FEF /* Frameworks */ = {
			isa = PBXFrameworksBuildPhase;
			buildActionMask = 2147483647;
			files = (
			);
			runOnlyForDeploymentPostprocessing = 0;
		};
/* End PBXFrameworksBuildPhase section */

/* Begin PBXGroup section */
		18BE2B781B5F993E006A8FEF = {
			isa = PBXGroup;
			children = (
				18BE2B831B5F993E006A8FEF /* NSArryDemo */,
				18BE2B821B5F993E006A8FEF /* Products */,
			);
			sourceTree = "<group>";
		};
		18BE2B821B5F993E006A8FEF /* Products */ = {
			isa = PBXGroup;
			children = (
				18BE2B811B5F993E006A8FEF /* NSArryDemo */,
			);
			name = Products;
			sourceTree = "<group>";
		};
		18BE2B831B5F993E006A8FEF /* NSArryDemo */ = {
			isa = PBXGroup;
			children = (
				18BE2B841B5F993E006A8FEF /* main.m */,
				18015F051B6227460095C96C /* Worker.h */,
				18015F061B6227460095C96C /* Worker.m */,
			);
			path = NSArryDemo;
			sourceTree = "<group>";
		};
/* End PBXGroup section */

/* Begin PBXNativeTarget section */
		18BE2B801B5F993E006A8FEF /* NSArryDemo */ = {
			isa = PBXNativeTarget;
			buildConfigurationList = 18BE2B881B5F993E006A8FEF /* Build configuration list for PBXNativeTarget "NSArryDemo" */;
			buildPhases = (
				18BE2B7D1B5F993E006A8FEF /* Sources */,
				18BE2B7E1B5F993E006A8FEF /* Frameworks */,
				18BE2B7F1B5F993E006A8FEF /* CopyFiles */,
			);
			buildRules = (
			);
			dependencies = (
			);
			name = NSArryDemo;
			productName = NSArryDemo;
			productReference = 18BE2B811B5F993E006A8FEF /* NSArryDemo */;
			productType = "com.apple.product-type.tool";
		};
/* End PBXNativeTarget section */

/* Begin PBXProject section */
		18BE2B791B5F993E006A8FEF /* Project object */ = {
			isa = PBXProject;
			attributes = {
				LastUpgradeCheck = 0640;
				ORGANIZATIONNAME = Chinamyo;
				TargetAttributes = {
					18BE2B801B5F993E006A8FEF = {
						CreatedOnToolsVersion = 6.4;
					};
				};
			};
			buildConfigurationList = 18BE2B7C1B5F993E006A8FEF /* Build configuration list for PBXProject "NSArryDemo" */;
			compatibilityVersion = "Xcode 3.2";
			developmentRegion = English;
			hasScannedForEncodings = 0;
			knownRegions = (
				en,
			);
			mainGroup = 18BE2B781B5F993E006A8FEF;
			productRefGroup = 18BE2B821B5F993E006A8FEF /* Products */;
			projectDirPath = "";
			projectRoot = "";
			targets = (
				18BE2B801B5F993E006A8FEF /* NSArryDemo */,
			);
		};
/* End PBXProject section */

/* Begin PBXSourcesBuildPhase section */
		18BE2B7D1B5F993E006A8FEF /* Sources */ = {
			isa = PBXSourcesBuildPhase;
			buildActionMask = 2147483647;
			files = (
				18BE2B851B5F993E006A8FEF /* main.m in Sources */,
				18015F071B6227460095C96C /* Worker.m in Sources */,
			);
			runOnlyForDeploymentPostprocessing = 0;
		};
/* End PBXSourcesBuildPhase section */

/* Begin XCBuildConfiguration section */
		18BE2B861B5F993E006A8FEF /* Debug */ = {
			isa = XCBuildConfiguration;
			buildSettings = {
				ALWAYS_SEARCH_USER_PATHS = NO;
				CLANG_CXX_LANGUAGE_STANDARD = "gnu++0x";
				CLANG_CXX_LIBRARY = "libc++";
				CLANG_ENABLE_MODULES = YES;
				CLANG_ENABLE_OBJC_ARC = YES;
				CLANG_WARN_BOOL_CONVERSION = YES;
				CLANG_WARN_CONSTANT_CONVERSION = YES;
				CLANG_WARN_DIRECT_OBJC_ISA_USAGE = YES_ERROR;
				CLANG_WARN_EMPTY_BODY = YES;
				CLANG_WARN_ENUM_CONVERSION = YES;
				CLANG_WARN_INT_CONVERSION = YES;
				CLANG_WARN_OBJC_ROOT_CLASS = YES_ERROR;
				CLANG_WARN_UNREACHABLE_CODE = YES;
				CLANG_WARN__DUPLICATE_METHOD_MATCH = YES;
				COPY_PHASE_STRIP = NO;
				DEBUG_INFORMATION_FORMAT = dwarf;
				ENABLE_STRICT_OBJC_MSGSEND = YES;
				GCC_C_LANGUAGE_STANDARD = gnu99;
				GCC_DYNAMIC_NO_PIC = NO;
				GCC_NO_COMMON_BLOCKS = YES;
				GCC_OPTIMIZATION_LEVEL = 0;
				GCC_PREPROCESSOR_DEFINITIONS = (
					"DEBUG=1",
					"$(inherited)",
				);
				GCC_SYMBOLS_PRIVATE_EXTERN = NO;
				GCC_WARN_64_TO_32_BIT_CONVERSION = YES;
				GCC_WARN_ABOUT_RETURN_TYPE = YES_ERROR;
				GCC_WARN_UNDECLARED_SELECTOR = YES;
				GCC_WARN_UNINITIALIZED_AUTOS = YES_AGGRESSIVE;
				GCC_WARN_UNUSED_FUNCTION = YES;
				GCC_WARN_UNUSED_VARIABLE = YES;
				MACOSX_DEPLOYMENT_TARGET = 10.10;
				MTL_ENABLE_DEBUG_INFO = YES;
				ONLY_ACTIVE_ARCH = YES;
				SDKROOT = macosx;
			};
			name = Debug;
		};
		18BE2B871B5F993E006A8FEF /* Release */ = {
			isa = XCBuildConfiguration;
			buildSettings = {
				ALWAYS_SEARCH_USER_PATHS = NO;
				CLANG_CXX_LANGUAGE_STANDARD = "gnu++0x";
				CLANG_CXX_LIBRARY = "libc++";
				CLANG_ENABLE_MODULES = YES;
				CLANG_ENABLE_OBJC_ARC = YES;
				CLANG_WARN_BOOL_CONVERSION = YES;
				CLANG_WARN_CONSTANT_CONVERSION = YES;
				CLANG_WARN_DIRECT_OBJC_ISA_USAGE = YES_ERROR;
				CLANG_WARN_EMPTY_BODY = YES;
				CLANG_WARN_ENUM_CONVERSION = YES;
				CLANG_WARN_INT_CONVERSION = YES;
				CLANG_WARN_OBJC_ROOT_CLASS = YES_ERROR;
				CLANG_WARN_UNREACHABLE_CODE = YES;
				CLANG_WARN__DUPLICATE_METHOD_MATCH = YES;
				COPY_PHASE_STRIP = NO;
				DEBUG_INFORMATION_FORMAT = "dwarf-with-dsym";
				ENABLE_NS_ASSERTIONS = NO;
				ENABLE_STRICT_OBJC_MSGSEND = YES;
				GCC_C_LANGUAGE_STANDARD = gnu99;
				GCC_NO_COMMON_BLOCKS = YES;
				GCC_WARN_64_TO_32_BIT_CONVERSION = YES;
				GCC_WARN_ABOUT_RETURN_TYPE = YES_ERROR;
				GCC_WARN_UNDECLARED_SELECTOR = YES;
				GCC_WARN_UNINITIALIZED_AUTOS = YES_AGGRESSIVE;
				GCC_WARN_UNUSED_FUNCTION = YES;
				GCC_WARN_UNUSED_VARIABLE = YES;
				MACOSX_DEPLOYMENT_TARGET = 10.10;
				MTL_ENABLE_DEBUG_INFO = NO;
				SDKROOT = macosx;
			};
			name = Release;
		};
		18BE2B891B5F993E006A8FEF /* Debug */ = {
			isa = XCBuildConfiguration;
			buildSettings = {
				PRODUCT_NAME = "$(TARGET_NAME)";
			};
			name = Debug;
		};
		18BE2B8A1B5F993E006A8FEF /* Release */ = {
			isa = XCBuildConfiguration;
			buildSettings = {
				PRODUCT_NAME = "$(TARGET_NAME)";
			};
			name = Release;
		};
/* End XCBuildConfiguration section */

/* Begin XCConfigurationList section */
		18BE2B7C1B5F993E006A8FEF /* Build configuration list for PBXProject "NSArryDemo" */ = {
			isa = XCConfigurationList;
			buildConfigurations = (
				18BE2B861B5F993E006A8FEF /* Debug */,
				18BE2B871B5F993E006A8FEF /* Release */,
			);
			defaultConfigurationIsVisible = 0;
			defaultConfigurationName = Release;
		};
		18BE2B881B5F993E006A8FEF /* Build configuration list for PBXNativeTarget "NSArryDemo" */ = {
			isa = XCConfigurationList;
			buildConfigurations = (
				18BE2B891B5F993E006A8FEF /* Debug */,
				18BE2B8A1B5F993E006A8FEF /* Release */,
			);
			defaultConfigurationIsVisible = 0;
			defaultConfigurationName = Release;
		};
/* End XCConfigurationList section */
	};
	rootObject = 18BE2B791B5F993E006A8FEF /* Project object */;
}
