// !$*UTF8*$!
{
	archiveVersion = 1;
	classes = {
	};
	objectVersion = 46;
	objects = {

/* Begin PBXBuildFile section */
		18A31C7F1B711DA900EF9A6F /* main.m in Sources */ = {isa = PBXBuildFile; fileRef = 18A31C7E1B711DA900EF9A6F /* main.m */; };
		18A31C821B711DA900EF9A6F /* AppDelegate.m in Sources */ = {isa = PBXBuildFile; fileRef = 18A31C811B711DA900EF9A6F /* AppDelegate.m */; };
		18A31C851B711DA900EF9A6F /* ViewController.m in Sources */ = {isa = PBXBuildFile; fileRef = 18A31C841B711DA900EF9A6F /* ViewController.m */; };
		18A31C8A1B711DA900EF9A6F /* Images.xcassets in Resources */ = {isa = PBXBuildFile; fileRef = 18A31C891B711DA900EF9A6F /* Images.xcassets */; };
		18A31C991B711DA900EF9A6F /* UIImageViewTests.m in Sources */ = {isa = PBXBuildFile; fileRef = 18A31C981B711DA900EF9A6F /* UIImageViewTests.m */; };
		18A31CA31B711F6F00EF9A6F /* logo.jpg in Resources */ = {isa = PBXBuildFile; fileRef = 18A31CA21B711F6F00EF9A6F /* logo.jpg */; };
		18A31CA51B7121A400EF9A6F /* 222.jpg in Resources */ = {isa = PBXBuildFile; fileRef = 18A31CA41B7121A400EF9A6F /* 222.jpg */; };
		18A31CB91B7127BA00EF9A6F /* 1.jpg in Resources */ = {isa = PBXBuildFile; fileRef = 18A31CA61B7127BA00EF9A6F /* 1.jpg */; };
		18A31CBA1B7127BA00EF9A6F /* 2.jpg in Resources */ = {isa = PBXBuildFile; fileRef = 18A31CA71B7127BA00EF9A6F /* 2.jpg */; };
		18A31CBB1B7127BA00EF9A6F /* 3.jpg in Resources */ = {isa = PBXBuildFile; fileRef = 18A31CA81B7127BA00EF9A6F /* 3.jpg */; };
		18A31CBC1B7127BA00EF9A6F /* 4.jpg in Resources */ = {isa = PBXBuildFile; fileRef = 18A31CA91B7127BA00EF9A6F /* 4.jpg */; };
		18A31CBD1B7127BA00EF9A6F /* 5.jpg in Resources */ = {isa = PBXBuildFile; fileRef = 18A31CAA1B7127BA00EF9A6F /* 5.jpg */; };
		18A31CBE1B7127BA00EF9A6F /* 6.jpg in Resources */ = {isa = PBXBuildFile; fileRef = 18A31CAB1B7127BA00EF9A6F /* 6.jpg */; };
		18A31CBF1B7127BA00EF9A6F /* 7.jpg in Resources */ = {isa = PBXBuildFile; fileRef = 18A31CAC1B7127BA00EF9A6F /* 7.jpg */; };
		18A31CC01B7127BA00EF9A6F /* 8.jpg in Resources */ = {isa = PBXBuildFile; fileRef = 18A31CAD1B7127BA00EF9A6F /* 8.jpg */; };
		18A31CC11B7127BA00EF9A6F /* 9.jpg in Resources */ = {isa = PBXBuildFile; fileRef = 18A31CAE1B7127BA00EF9A6F /* 9.jpg */; };
		18A31CC21B7127BA00EF9A6F /* 10.jpg in Resources */ = {isa = PBXBuildFile; fileRef = 18A31CAF1B7127BA00EF9A6F /* 10.jpg */; };
		18A31CC31B7127BA00EF9A6F /* 11.jpg in Resources */ = {isa = PBXBuildFile; fileRef = 18A31CB01B7127BA00EF9A6F /* 11.jpg */; };
		18A31CC41B7127BA00EF9A6F /* 12.jpg in Resources */ = {isa = PBXBuildFile; fileRef = 18A31CB11B7127BA00EF9A6F /* 12.jpg */; };
		18A31CC51B7127BA00EF9A6F /* 13.jpg in Resources */ = {isa = PBXBuildFile; fileRef = 18A31CB21B7127BA00EF9A6F /* 13.jpg */; };
		18A31CC61B7127BA00EF9A6F /* 14.jpg in Resources */ = {isa = PBXBuildFile; fileRef = 18A31CB31B7127BA00EF9A6F /* 14.jpg */; };
		18A31CC71B7127BA00EF9A6F /* 15.jpg in Resources */ = {isa = PBXBuildFile; fileRef = 18A31CB41B7127BA00EF9A6F /* 15.jpg */; };
		18A31CC81B7127BA00EF9A6F /* 16.jpg in Resources */ = {isa = PBXBuildFile; fileRef = 18A31CB51B7127BA00EF9A6F /* 16.jpg */; };
		18A31CC91B7127BA00EF9A6F /* 17.jpg in Resources */ = {isa = PBXBuildFile; fileRef = 18A31CB61B7127BA00EF9A6F /* 17.jpg */; };
		18A31CCA1B7127BA00EF9A6F /* 18.jpg in Resources */ = {isa = PBXBuildFile; fileRef = 18A31CB71B7127BA00EF9A6F /* 18.jpg */; };
		18A31CCB1B7127BA00EF9A6F /* 19.jpg in Resources */ = {isa = PBXBuildFile; fileRef = 18A31CB81B7127BA00EF9A6F /* 19.jpg */; };
/* End PBXBuildFile section */

/* Begin PBXContainerItemProxy section */
		18A31C931B711DA900EF9A6F /* PBXContainerItemProxy */ = {
			isa = PBXContainerItemProxy;
			containerPortal = 18A31C711B711DA900EF9A6F /* Project object */;
			proxyType = 1;
			remoteGlobalIDString = 18A31C781B711DA900EF9A6F;
			remoteInfo = UIImageView;
		};
/* End PBXContainerItemProxy section */

/* Begin PBXFileReference section */
		18A31C791B711DA900EF9A6F /* UIImageView.app */ = {isa = PBXFileReference; explicitFileType = wrapper.application; includeInIndex = 0; path = UIImageView.app; sourceTree = BUILT_PRODUCTS_DIR; };
		18A31C7D1B711DA900EF9A6F /* Info.plist */ = {isa = PBXFileReference; lastKnownFileType = text.plist.xml; path = Info.plist; sourceTree = "<group>"; };
		18A31C7E1B711DA900EF9A6F /* main.m */ = {isa = PBXFileReference; lastKnownFileType = sourcecode.c.objc; path = main.m; sourceTree = "<group>"; };
		18A31C801B711DA900EF9A6F /* AppDelegate.h */ = {isa = PBXFileReference; lastKnownFileType = sourcecode.c.h; path = AppDelegate.h; sourceTree = "<group>"; };
		18A31C811B711DA900EF9A6F /* AppDelegate.m */ = {isa = PBXFileReference; lastKnownFileType = sourcecode.c.objc; path = AppDelegate.m; sourceTree = "<group>"; };
		18A31C831B711DA900EF9A6F /* ViewController.h */ = {isa = PBXFileReference; lastKnownFileType = sourcecode.c.h; path = ViewController.h; sourceTree = "<group>"; };
		18A31C841B711DA900EF9A6F /* ViewController.m */ = {isa = PBXFileReference; lastKnownFileType = sourcecode.c.objc; path = ViewController.m; sourceTree = "<group>"; };
		18A31C891B711DA900EF9A6F /* Images.xcassets */ = {isa = PBXFileReference; lastKnownFileType = folder.assetcatalog; path = Images.xcassets; sourceTree = "<group>"; };
		18A31C921B711DA900EF9A6F /* UIImageViewTests.xctest */ = {isa = PBXFileReference; explicitFileType = wrapper.cfbundle; includeInIndex = 0; path = UIImageViewTests.xctest; sourceTree = BUILT_PRODUCTS_DIR; };
		18A31C971B711DA900EF9A6F /* Info.plist */ = {isa = PBXFileReference; lastKnownFileType = text.plist.xml; path = Info.plist; sourceTree = "<group>"; };
		18A31C981B711DA900EF9A6F /* UIImageViewTests.m */ = {isa = PBXFileReference; lastKnownFileType = sourcecode.c.objc; path = UIImageViewTests.m; sourceTree = "<group>"; };
		18A31CA21B711F6F00EF9A6F /* logo.jpg */ = {isa = PBXFileReference; lastKnownFileType = image.jpeg; path = logo.jpg; sourceTree = "<group>"; };
		18A31CA41B7121A400EF9A6F /* 222.jpg */ = {isa = PBXFileReference; lastKnownFileType = image.jpeg; path = 222.jpg; sourceTree = "<group>"; };
		18A31CA61B7127BA00EF9A6F /* 1.jpg */ = {isa = PBXFileReference; lastKnownFileType = image.jpeg; path = 1.jpg; sourceTree = "<group>"; };
		18A31CA71B7127BA00EF9A6F /* 2.jpg */ = {isa = PBXFileReference; lastKnownFileType = image.jpeg; path = 2.jpg; sourceTree = "<group>"; };
		18A31CA81B7127BA00EF9A6F /* 3.jpg */ = {isa = PBXFileReference; lastKnownFileType = image.jpeg; path = 3.jpg; sourceTree = "<group>"; };
		18A31CA91B7127BA00EF9A6F /* 4.jpg */ = {isa = PBXFileReference; lastKnownFileType = image.jpeg; path = 4.jpg; sourceTree = "<group>"; };
		18A31CAA1B7127BA00EF9A6F /* 5.jpg */ = {isa = PBXFileReference; lastKnownFileType = image.jpeg; path = 5.jpg; sourceTree = "<group>"; };
		18A31CAB1B7127BA00EF9A6F /* 6.jpg */ = {isa = PBXFileReference; lastKnownFileType = image.jpeg; path = 6.jpg; sourceTree = "<group>"; };
		18A31CAC1B7127BA00EF9A6F /* 7.jpg */ = {isa = PBXFileReference; lastKnownFileType = image.jpeg; path = 7.jpg; sourceTree = "<group>"; };
		18A31CAD1B7127BA00EF9A6F /* 8.jpg */ = {isa = PBXFileReference; lastKnownFileType = image.jpeg; path = 8.jpg; sourceTree = "<group>"; };
		18A31CAE1B7127BA00EF9A6F /* 9.jpg */ = {isa = PBXFileReference; lastKnownFileType = image.jpeg; path = 9.jpg; sourceTree = "<group>"; };
		18A31CAF1B7127BA00EF9A6F /* 10.jpg */ = {isa = PBXFileReference; lastKnownFileType = image.jpeg; path = 10.jpg; sourceTree = "<group>"; };
		18A31CB01B7127BA00EF9A6F /* 11.jpg */ = {isa = PBXFileReference; lastKnownFileType = image.jpeg; path = 11.jpg; sourceTree = "<group>"; };
		18A31CB11B7127BA00EF9A6F /* 12.jpg */ = {isa = PBXFileReference; lastKnownFileType = image.jpeg; path = 12.jpg; sourceTree = "<group>"; };
		18A31CB21B7127BA00EF9A6F /* 13.jpg */ = {isa = PBXFileReference; lastKnownFileType = image.jpeg; path = 13.jpg; sourceTree = "<group>"; };
		18A31CB31B7127BA00EF9A6F /* 14.jpg */ = {isa = PBXFileReference; lastKnownFileType = image.jpeg; path = 14.jpg; sourceTree = "<group>"; };
		18A31CB41B7127BA00EF9A6F /* 15.jpg */ = {isa = PBXFileReference; lastKnownFileType = image.jpeg; path = 15.jpg; sourceTree = "<group>"; };
		18A31CB51B7127BA00EF9A6F /* 16.jpg */ = {isa = PBXFileReference; lastKnownFileType = image.jpeg; path = 16.jpg; sourceTree = "<group>"; };
		18A31CB61B7127BA00EF9A6F /* 17.jpg */ = {isa = PBXFileReference; lastKnownFileType = image.jpeg; path = 17.jpg; sourceTree = "<group>"; };
		18A31CB71B7127BA00EF9A6F /* 18.jpg */ = {isa = PBXFileReference; lastKnownFileType = image.jpeg; path = 18.jpg; sourceTree = "<group>"; };
		18A31CB81B7127BA00EF9A6F /* 19.jpg */ = {isa = PBXFileReference; lastKnownFileType = image.jpeg; path = 19.jpg; sourceTree = "<group>"; };
/* End PBXFileReference section */

/* Begin PBXFrameworksBuildPhase section */
		18A31C761B711DA900EF9A6F /* Frameworks */ = {
			isa = PBXFrameworksBuildPhase;
			buildActionMask = 2147483647;
			files = (
			);
			runOnlyForDeploymentPostprocessing = 0;
		};
		18A31C8F1B711DA900EF9A6F /* Frameworks */ = {
			isa = PBXFrameworksBuildPhase;
			buildActionMask = 2147483647;
			files = (
			);
			runOnlyForDeploymentPostprocessing = 0;
		};
/* End PBXFrameworksBuildPhase section */

/* Begin PBXGroup section */
		18A31C701B711DA900EF9A6F = {
			isa = PBXGroup;
			children = (
				18A31C7B1B711DA900EF9A6F /* UIImageView */,
				18A31C951B711DA900EF9A6F /* UIImageViewTests */,
				18A31C7A1B711DA900EF9A6F /* Products */,
			);
			sourceTree = "<group>";
		};
		18A31C7A1B711DA900EF9A6F /* Products */ = {
			isa = PBXGroup;
			children = (
				18A31C791B711DA900EF9A6F /* UIImageView.app */,
				18A31C921B711DA900EF9A6F /* UIImageViewTests.xctest */,
			);
			name = Products;
			sourceTree = "<group>";
		};
		18A31C7B1B711DA900EF9A6F /* UIImageView */ = {
			isa = PBXGroup;
			children = (
				18A31CA61B7127BA00EF9A6F /* 1.jpg */,
				18A31CA71B7127BA00EF9A6F /* 2.jpg */,
				18A31CA81B7127BA00EF9A6F /* 3.jpg */,
				18A31CA91B7127BA00EF9A6F /* 4.jpg */,
				18A31CAA1B7127BA00EF9A6F /* 5.jpg */,
				18A31CAB1B7127BA00EF9A6F /* 6.jpg */,
				18A31CAC1B7127BA00EF9A6F /* 7.jpg */,
				18A31CAD1B7127BA00EF9A6F /* 8.jpg */,
				18A31CAE1B7127BA00EF9A6F /* 9.jpg */,
				18A31CAF1B7127BA00EF9A6F /* 10.jpg */,
				18A31CB01B7127BA00EF9A6F /* 11.jpg */,
				18A31CB11B7127BA00EF9A6F /* 12.jpg */,
				18A31CB21B7127BA00EF9A6F /* 13.jpg */,
				18A31CB31B7127BA00EF9A6F /* 14.jpg */,
				18A31CB41B7127BA00EF9A6F /* 15.jpg */,
				18A31CB51B7127BA00EF9A6F /* 16.jpg */,
				18A31CB61B7127BA00EF9A6F /* 17.jpg */,
				18A31CB71B7127BA00EF9A6F /* 18.jpg */,
				18A31CB81B7127BA00EF9A6F /* 19.jpg */,
				18A31CA41B7121A400EF9A6F /* 222.jpg */,
				18A31CA21B711F6F00EF9A6F /* logo.jpg */,
				18A31C801B711DA900EF9A6F /* AppDelegate.h */,
				18A31C811B711DA900EF9A6F /* AppDelegate.m */,
				18A31C831B711DA900EF9A6F /* ViewController.h */,
				18A31C841B711DA900EF9A6F /* ViewController.m */,
				18A31C891B711DA900EF9A6F /* Images.xcassets */,
				18A31C7C1B711DA900EF9A6F /* Supporting Files */,
			);
			path = UIImageView;
			sourceTree = "<group>";
		};
		18A31C7C1B711DA900EF9A6F /* Supporting Files */ = {
			isa = PBXGroup;
			children = (
				18A31C7D1B711DA900EF9A6F /* Info.plist */,
				18A31C7E1B711DA900EF9A6F /* main.m */,
			);
			name = "Supporting Files";
			sourceTree = "<group>";
		};
		18A31C951B711DA900EF9A6F /* UIImageViewTests */ = {
			isa = PBXGroup;
			children = (
				18A31C981B711DA900EF9A6F /* UIImageViewTests.m */,
				18A31C961B711DA900EF9A6F /* Supporting Files */,
			);
			path = UIImageViewTests;
			sourceTree = "<group>";
		};
		18A31C961B711DA900EF9A6F /* Supporting Files */ = {
			isa = PBXGroup;
			children = (
				18A31C971B711DA900EF9A6F /* Info.plist */,
			);
			name = "Supporting Files";
			sourceTree = "<group>";
		};
/* End PBXGroup section */

/* Begin PBXNativeTarget section */
		18A31C781B711DA900EF9A6F /* UIImageView */ = {
			isa = PBXNativeTarget;
			buildConfigurationList = 18A31C9C1B711DA900EF9A6F /* Build configuration list for PBXNativeTarget "UIImageView" */;
			buildPhases = (
				18A31C751B711DA900EF9A6F /* Sources */,
				18A31C761B711DA900EF9A6F /* Frameworks */,
				18A31C771B711DA900EF9A6F /* Resources */,
			);
			buildRules = (
			);
			dependencies = (
			);
			name = UIImageView;
			productName = UIImageView;
			productReference = 18A31C791B711DA900EF9A6F /* UIImageView.app */;
			productType = "com.apple.product-type.application";
		};
		18A31C911B711DA900EF9A6F /* UIImageViewTests */ = {
			isa = PBXNativeTarget;
			buildConfigurationList = 18A31C9F1B711DA900EF9A6F /* Build configuration list for PBXNativeTarget "UIImageViewTests" */;
			buildPhases = (
				18A31C8E1B711DA900EF9A6F /* Sources */,
				18A31C8F1B711DA900EF9A6F /* Frameworks */,
				18A31C901B711DA900EF9A6F /* Resources */,
			);
			buildRules = (
			);
			dependencies = (
				18A31C941B711DA900EF9A6F /* PBXTargetDependency */,
			);
			name = UIImageViewTests;
			productName = UIImageViewTests;
			productReference = 18A31C921B711DA900EF9A6F /* UIImageViewTests.xctest */;
			productType = "com.apple.product-type.bundle.unit-test";
		};
/* End PBXNativeTarget section */

/* Begin PBXProject section */
		18A31C711B711DA900EF9A6F /* Project object */ = {
			isa = PBXProject;
			attributes = {
				LastUpgradeCheck = 0640;
				ORGANIZATIONNAME = Chinamyo;
				TargetAttributes = {
					18A31C781B711DA900EF9A6F = {
						CreatedOnToolsVersion = 6.4;
					};
					18A31C911B711DA900EF9A6F = {
						CreatedOnToolsVersion = 6.4;
						TestTargetID = 18A31C781B711DA900EF9A6F;
					};
				};
			};
			buildConfigurationList = 18A31C741B711DA900EF9A6F /* Build configuration list for PBXProject "UIImageView" */;
			compatibilityVersion = "Xcode 3.2";
			developmentRegion = English;
			hasScannedForEncodings = 0;
			knownRegions = (
				en,
				Base,
			);
			mainGroup = 18A31C701B711DA900EF9A6F;
			productRefGroup = 18A31C7A1B711DA900EF9A6F /* Products */;
			projectDirPath = "";
			projectRoot = "";
			targets = (
				18A31C781B711DA900EF9A6F /* UIImageView */,
				18A31C911B711DA900EF9A6F /* UIImageViewTests */,
			);
		};
/* End PBXProject section */

/* Begin PBXResourcesBuildPhase section */
		18A31C771B711DA900EF9A6F /* Resources */ = {
			isa = PBXResourcesBuildPhase;
			buildActionMask = 2147483647;
			files = (
				18A31CC21B7127BA00EF9A6F /* 10.jpg in Resources */,
				18A31CC01B7127BA00EF9A6F /* 8.jpg in Resources */,
				18A31CBE1B7127BA00EF9A6F /* 6.jpg in Resources */,
				18A31C8A1B711DA900EF9A6F /* Images.xcassets in Resources */,
				18A31CBD1B7127BA00EF9A6F /* 5.jpg in Resources */,
				18A31CCA1B7127BA00EF9A6F /* 18.jpg in Resources */,
				18A31CC91B7127BA00EF9A6F /* 17.jpg in Resources */,
				18A31CC41B7127BA00EF9A6F /* 12.jpg in Resources */,
				18A31CC31B7127BA00EF9A6F /* 11.jpg in Resources */,
				18A31CCB1B7127BA00EF9A6F /* 19.jpg in Resources */,
				18A31CBC1B7127BA00EF9A6F /* 4.jpg in Resources */,
				18A31CC61B7127BA00EF9A6F /* 14.jpg in Resources */,
				18A31CB91B7127BA00EF9A6F /* 1.jpg in Resources */,
				18A31CC51B7127BA00EF9A6F /* 13.jpg in Resources */,
				18A31CBA1B7127BA00EF9A6F /* 2.jpg in Resources */,
				18A31CBB1B7127BA00EF9A6F /* 3.jpg in Resources */,
				18A31CBF1B7127BA00EF9A6F /* 7.jpg in Resources */,
				18A31CC11B7127BA00EF9A6F /* 9.jpg in Resources */,
				18A31CA31B711F6F00EF9A6F /* logo.jpg in Resources */,
				18A31CC81B7127BA00EF9A6F /* 16.jpg in Resources */,
				18A31CA51B7121A400EF9A6F /* 222.jpg in Resources */,
				18A31CC71B7127BA00EF9A6F /* 15.jpg in Resources */,
			);
			runOnlyForDeploymentPostprocessing = 0;
		};
		18A31C901B711DA900EF9A6F /* Resources */ = {
			isa = PBXResourcesBuildPhase;
			buildActionMask = 2147483647;
			files = (
			);
			runOnlyForDeploymentPostprocessing = 0;
		};
/* End PBXResourcesBuildPhase section */

/* Begin PBXSourcesBuildPhase section */
		18A31C751B711DA900EF9A6F /* Sources */ = {
			isa = PBXSourcesBuildPhase;
			buildActionMask = 2147483647;
			files = (
				18A31C851B711DA900EF9A6F /* ViewController.m in Sources */,
				18A31C821B711DA900EF9A6F /* AppDelegate.m in Sources */,
				18A31C7F1B711DA900EF9A6F /* main.m in Sources */,
			);
			runOnlyForDeploymentPostprocessing = 0;
		};
		18A31C8E1B711DA900EF9A6F /* Sources */ = {
			isa = PBXSourcesBuildPhase;
			buildActionMask = 2147483647;
			files = (
				18A31C991B711DA900EF9A6F /* UIImageViewTests.m in Sources */,
			);
			runOnlyForDeploymentPostprocessing = 0;
		};
/* End PBXSourcesBuildPhase section */

/* Begin PBXTargetDependency section */
		18A31C941B711DA900EF9A6F /* PBXTargetDependency */ = {
			isa = PBXTargetDependency;
			target = 18A31C781B711DA900EF9A6F /* UIImageView */;
			targetProxy = 18A31C931B711DA900EF9A6F /* PBXContainerItemProxy */;
		};
/* End PBXTargetDependency section */

/* Begin XCBuildConfiguration section */
		18A31C9A1B711DA900EF9A6F /* Debug */ = {
			isa = XCBuildConfiguration;
			buildSettings = {
				ALWAYS_SEARCH_USER_PATHS = NO;
				CLANG_CXX_LANGUAGE_STANDARD = "gnu++0x";
				CLANG_CXX_LIBRARY = "libc++";
				CLANG_ENABLE_MODULES = YES;
				CLANG_ENABLE_OBJC_ARC = YES;
				CLANG_WARN_BOOL_CONVERSION = YES;
				CLANG_WARN_CONSTANT_CONVERSION = YES;
				CLANG_WARN_DIRECT_OBJC_ISA_USAGE = YES_ERROR;
				CLANG_WARN_EMPTY_BODY = YES;
				CLANG_WARN_ENUM_CONVERSION = YES;
				CLANG_WARN_INT_CONVERSION = YES;
				CLANG_WARN_OBJC_ROOT_CLASS = YES_ERROR;
				CLANG_WARN_UNREACHABLE_CODE = YES;
				CLANG_WARN__DUPLICATE_METHOD_MATCH = YES;
				"CODE_SIGN_IDENTITY[sdk=iphoneos*]" = "iPhone Developer";
				COPY_PHASE_STRIP = NO;
				DEBUG_INFORMATION_FORMAT = "dwarf-with-dsym";
				ENABLE_STRICT_OBJC_MSGSEND = YES;
				GCC_C_LANGUAGE_STANDARD = gnu99;
				GCC_DYNAMIC_NO_PIC = NO;
				GCC_NO_COMMON_BLOCKS = YES;
				GCC_OPTIMIZATION_LEVEL = 0;
				GCC_PREPROCESSOR_DEFINITIONS = (
					"DEBUG=1",
					"$(inherited)",
				);
				GCC_SYMBOLS_PRIVATE_EXTERN = NO;
				GCC_WARN_64_TO_32_BIT_CONVERSION = YES;
				GCC_WARN_ABOUT_RETURN_TYPE = YES_ERROR;
				GCC_WARN_UNDECLARED_SELECTOR = YES;
				GCC_WARN_UNINITIALIZED_AUTOS = YES_AGGRESSIVE;
				GCC_WARN_UNUSED_FUNCTION = YES;
				GCC_WARN_UNUSED_VARIABLE = YES;
				IPHONEOS_DEPLOYMENT_TARGET = 8.4;
				MTL_ENABLE_DEBUG_INFO = YES;
				ONLY_ACTIVE_ARCH = YES;
				SDKROOT = iphoneos;
			};
			name = Debug;
		};
		18A31C9B1B711DA900EF9A6F /* Release */ = {
			isa = XCBuildConfiguration;
			buildSettings = {
				ALWAYS_SEARCH_USER_PATHS = NO;
				CLANG_CXX_LANGUAGE_STANDARD = "gnu++0x";
				CLANG_CXX_LIBRARY = "libc++";
				CLANG_ENABLE_MODULES = YES;
				CLANG_ENABLE_OBJC_ARC = YES;
				CLANG_WARN_BOOL_CONVERSION = YES;
				CLANG_WARN_CONSTANT_CONVERSION = YES;
				CLANG_WARN_DIRECT_OBJC_ISA_USAGE = YES_ERROR;
				CLANG_WARN_EMPTY_BODY = YES;
				CLANG_WARN_ENUM_CONVERSION = YES;
				CLANG_WARN_INT_CONVERSION = YES;
				CLANG_WARN_OBJC_ROOT_CLASS = YES_ERROR;
				CLANG_WARN_UNREACHABLE_CODE = YES;
				CLANG_WARN__DUPLICATE_METHOD_MATCH = YES;
				"CODE_SIGN_IDENTITY[sdk=iphoneos*]" = "iPhone Developer";
				COPY_PHASE_STRIP = NO;
				DEBUG_INFORMATION_FORMAT = "dwarf-with-dsym";
				ENABLE_NS_ASSERTIONS = NO;
				ENABLE_STRICT_OBJC_MSGSEND = YES;
				GCC_C_LANGUAGE_STANDARD = gnu99;
				GCC_NO_COMMON_BLOCKS = YES;
				GCC_WARN_64_TO_32_BIT_CONVERSION = YES;
				GCC_WARN_ABOUT_RETURN_TYPE = YES_ERROR;
				GCC_WARN_UNDECLARED_SELECTOR = YES;
				GCC_WARN_UNINITIALIZED_AUTOS = YES_AGGRESSIVE;
				GCC_WARN_UNUSED_FUNCTION = YES;
				GCC_WARN_UNUSED_VARIABLE = YES;
				IPHONEOS_DEPLOYMENT_TARGET = 8.4;
				MTL_ENABLE_DEBUG_INFO = NO;
				SDKROOT = iphoneos;
				VALIDATE_PRODUCT = YES;
			};
			name = Release;
		};
		18A31C9D1B711DA900EF9A6F /* Debug */ = {
			isa = XCBuildConfiguration;
			buildSettings = {
				ASSETCATALOG_COMPILER_APPICON_NAME = AppIcon;
				ASSETCATALOG_COMPILER_LAUNCHIMAGE_NAME = LaunchImage;
				INFOPLIST_FILE = UIImageView/Info.plist;
				LD_RUNPATH_SEARCH_PATHS = "$(inherited) @executable_path/Frameworks";
				PRODUCT_NAME = "$(TARGET_NAME)";
			};
			name = Debug;
		};
		18A31C9E1B711DA900EF9A6F /* Release */ = {
			isa = XCBuildConfiguration;
			buildSettings = {
				ASSETCATALOG_COMPILER_APPICON_NAME = AppIcon;
				ASSETCATALOG_COMPILER_LAUNCHIMAGE_NAME = LaunchImage;
				INFOPLIST_FILE = UIImageView/Info.plist;
				LD_RUNPATH_SEARCH_PATHS = "$(inherited) @executable_path/Frameworks";
				PRODUCT_NAME = "$(TARGET_NAME)";
			};
			name = Release;
		};
		18A31CA01B711DA900EF9A6F /* Debug */ = {
			isa = XCBuildConfiguration;
			buildSettings = {
				BUNDLE_LOADER = "$(TEST_HOST)";
				FRAMEWORK_SEARCH_PATHS = (
					"$(SDKROOT)/Developer/Library/Frameworks",
					"$(inherited)",
				);
				GCC_PREPROCESSOR_DEFINITIONS = (
					"DEBUG=1",
					"$(inherited)",
				);
				INFOPLIST_FILE = UIImageViewTests/Info.plist;
				LD_RUNPATH_SEARCH_PATHS = "$(inherited) @executable_path/Frameworks @loader_path/Frameworks";
				PRODUCT_NAME = "$(TARGET_NAME)";
				TEST_HOST = "$(BUILT_PRODUCTS_DIR)/UIImageView.app/UIImageView";
			};
			name = Debug;
		};
		18A31CA11B711DA900EF9A6F /* Release */ = {
			isa = XCBuildConfiguration;
			buildSettings = {
				BUNDLE_LOADER = "$(TEST_HOST)";
				FRAMEWORK_SEARCH_PATHS = (
					"$(SDKROOT)/Developer/Library/Frameworks",
					"$(inherited)",
				);
				INFOPLIST_FILE = UIImageViewTests/Info.plist;
				LD_RUNPATH_SEARCH_PATHS = "$(inherited) @executable_path/Frameworks @loader_path/Frameworks";
				PRODUCT_NAME = "$(TARGET_NAME)";
				TEST_HOST = "$(BUILT_PRODUCTS_DIR)/UIImageView.app/UIImageView";
			};
			name = Release;
		};
/* End XCBuildConfiguration section */

/* Begin XCConfigurationList section */
		18A31C741B711DA900EF9A6F /* Build configuration list for PBXProject "UIImageView" */ = {
			isa = XCConfigurationList;
			buildConfigurations = (
				18A31C9A1B711DA900EF9A6F /* Debug */,
				18A31C9B1B711DA900EF9A6F /* Release */,
			);
			defaultConfigurationIsVisible = 0;
			defaultConfigurationName = Release;
		};
		18A31C9C1B711DA900EF9A6F /* Build configuration list for PBXNativeTarget "UIImageView" */ = {
			isa = XCConfigurationList;
			buildConfigurations = (
				18A31C9D1B711DA900EF9A6F /* Debug */,
				18A31C9E1B711DA900EF9A6F /* Release */,
			);
			defaultConfigurationIsVisible = 0;
		};
		18A31C9F1B711DA900EF9A6F /* Build configuration list for PBXNativeTarget "UIImageViewTests" */ = {
			isa = XCConfigurationList;
			buildConfigurations = (
				18A31CA01B711DA900EF9A6F /* Debug */,
				18A31CA11B711DA900EF9A6F /* Release */,
			);
			defaultConfigurationIsVisible = 0;
		};
/* End XCConfigurationList section */
	};
	rootObject = 18A31C711B711DA900EF9A6F /* Project object */;
}
